Microsoft Visual Studio Solution File, Format Version 11.00
# Visual Studio 2010
Project("{FAE04EC0-301F-11D3-BF4B-00C04F79EFBC}") = "SkiiSharp", "SkiiSharp\SkiiSharp.csproj", "{9BD71AE9-DCE1-472D-840D-D63C248929D5}"
EndProject
Global
	GlobalSection(SolutionConfigurationPlatforms) = preSolution
		Debug|x86 = Debug|x86
		Release|x86 = Release|x86
	EndGlobalSection
	GlobalSection(ProjectConfigurationPlatforms) = postSolution
		{9BD71AE9-DCE1-472D-840D-D63C248929D5}.Debug|x86.ActiveCfg = Debug|x86
		{9BD71AE9-DCE1-472D-840D-D63C248929D5}.Debug|x86.Build.0 = Debug|x86
		{9BD71AE9-DCE1-472D-840D-D63C248929D5}.Release|x86.ActiveCfg = Release|x86
		{9BD71AE9-DCE1-472D-840D-D63C248929D5}.Release|x86.Build.0 = Release|x86
	EndGlobalSection
	GlobalSection(MonoDevelopProperties) = preSolution
		StartupItem = SkiiSharp\SkiiSharp.csproj
	EndGlobalSection
EndGlobal
